{
    "_readme": [
        "This file locks the dependencies of your project to a known state",
        "Read more about it at http://getcomposer.org/doc/01-basic-usage.md#composer-lock-the-lock-file",
        "This file is @generated automatically"
    ],
    "hash": "6eea6b134f1533b1fa2579727926e6e5",
    "packages": [
        {
            "name": "ojoven/mirendb",
            "version": "dev-master",
            "source": {
                "type": "git",
                "url": "https://github.com/ojoven/mirendb.git",
                "reference": "9cca5f58c4b5764c7e626e2576a0abf6601184ac"
            },
            "dist": {
                "type": "zip",
                "url": "https://api.github.com/repos/ojoven/mirendb/zipball/9cca5f58c4b5764c7e626e2576a0abf6601184ac",
                "reference": "9cca5f58c4b5764c7e626e2576a0abf6601184ac",
                "shasum": ""
            },
            "type": "library",
            "support": {
                "source": "https://github.com/ojoven/mirendb/tree/master",
                "issues": "https://github.com/ojoven/mirendb/issues"
            },
            "time": "2015-03-15 18:40:21"
        }
    ],
    "packages-dev": [],
    "aliases": [],
    "minimum-stability": "stable",
    "stability-flags": {
        "ojoven/mirendb": 20
    },
    "prefer-stable": false,
    "prefer-lowest": false,
    "platform": [],
    "platform-dev": []
}
